
Microsoft Visual Studio Solution File, Format Version 12.00
# Visual Studio Version 16
VisualStudioVersion = 16.0.31624.102
MinimumVisualStudioVersion = 10.0.40219.1
Project("{8BC9CEB8-8B4A-11D0-8D11-00A0C91BC942}") = "Task1", "Task1\Task1.vcxproj", "{036ACD7C-70D9-41F2-9018-DA6FFF94A2C8}"
EndProject
Project("{8BC9CEB8-8B4A-11D0-8D11-00A0C91BC942}") = "Task2", "Task2\Task2.vcxproj", "{33F5E0D9-BF45-4C51-8EBD-F34C6D1D0A8A}"
EndProject
Project("{8BC9CEB8-8B4A-11D0-8D11-00A0C91BC942}") = "Task3", "Task3\Task3.vcxproj", "{14C1F852-DA25-4E32-9813-DAB2940D0D2E}"
EndProject
Project("{8BC9CEB8-8B4A-11D0-8D11-00A0C91BC942}") = "Task4", "Task4\Task4.vcxproj", "{FC868FB7-5572-47FB-B673-15F2FBB4669C}"
EndProject
Project("{8BC9CEB8-8B4A-11D0-8D11-00A0C91BC942}") = "Task5", "Task5\Task5.vcxproj", "{CED74581-2646-49DB-96ED-1ACC6F0A4CED}"
EndProject
Project("{8BC9CEB8-8B4A-11D0-8D11-00A0C91BC942}") = "Task6", "Task6\Task6.vcxproj", "{3CD7BD6B-4425-4947-B065-7A185682FCA2}"
EndProject
Project("{8BC9CEB8-8B4A-11D0-8D11-00A0C91BC942}") = "Task8", "Task8\Task8.vcxproj", "{A64F1776-400E-48DC-91B7-6EA31255C242}"
EndProject
Project("{8BC9CEB8-8B4A-11D0-8D11-00A0C91BC942}") = "Task7", "Task7\Task7.vcxproj", "{E79E9649-EC4C-4196-B866-8CB2E68E9920}"
EndProject
Project("{8BC9CEB8-8B4A-11D0-8D11-00A0C91BC942}") = "Task9", "Task9\Task9.vcxproj", "{D9107104-59F9-45DD-8A54-76FFA26837C4}"
EndProject
Global
	GlobalSection(SolutionConfigurationPlatforms) = preSolution
		Debug|x64 = Debug|x64
		Debug|x86 = Debug|x86
		Release|x64 = Release|x64
		Release|x86 = Release|x86
	EndGlobalSection
	GlobalSection(ProjectConfigurationPlatforms) = postSolution
		{036ACD7C-70D9-41F2-9018-DA6FFF94A2C8}.Debug|x64.ActiveCfg = Debug|x64
		{036ACD7C-70D9-41F2-9018-DA6FFF94A2C8}.Debug|x64.Build.0 = Debug|x64
		{036ACD7C-70D9-41F2-9018-DA6FFF94A2C8}.Debug|x86.ActiveCfg = Debug|Win32
		{036ACD7C-70D9-41F2-9018-DA6FFF94A2C8}.Debug|x86.Build.0 = Debug|Win32
		{036ACD7C-70D9-41F2-9018-DA6FFF94A2C8}.Release|x64.ActiveCfg = Release|x64
		{036ACD7C-70D9-41F2-9018-DA6FFF94A2C8}.Release|x64.Build.0 = Release|x64
		{036ACD7C-70D9-41F2-9018-DA6FFF94A2C8}.Release|x86.ActiveCfg = Release|Win32
		{036ACD7C-70D9-41F2-9018-DA6FFF94A2C8}.Release|x86.Build.0 = Release|Win32
		{33F5E0D9-BF45-4C51-8EBD-F34C6D1D0A8A}.Debug|x64.ActiveCfg = Debug|x64
		{33F5E0D9-BF45-4C51-8EBD-F34C6D1D0A8A}.Debug|x64.Build.0 = Debug|x64
		{33F5E0D9-BF45-4C51-8EBD-F34C6D1D0A8A}.Debug|x86.ActiveCfg = Debug|Win32
		{33F5E0D9-BF45-4C51-8EBD-F34C6D1D0A8A}.Debug|x86.Build.0 = Debug|Win32
		{33F5E0D9-BF45-4C51-8EBD-F34C6D1D0A8A}.Release|x64.ActiveCfg = Release|x64
		{33F5E0D9-BF45-4C51-8EBD-F34C6D1D0A8A}.Release|x64.Build.0 = Release|x64
		{33F5E0D9-BF45-4C51-8EBD-F34C6D1D0A8A}.Release|x86.ActiveCfg = Release|Win32
		{33F5E0D9-BF45-4C51-8EBD-F34C6D1D0A8A}.Release|x86.Build.0 = Release|Win32
		{14C1F852-DA25-4E32-9813-DAB2940D0D2E}.Debug|x64.ActiveCfg = Debug|x64
		{14C1F852-DA25-4E32-9813-DAB2940D0D2E}.Debug|x64.Build.0 = Debug|x64
		{14C1F852-DA25-4E32-9813-DAB2940D0D2E}.Debug|x86.ActiveCfg = Debug|Win32
		{14C1F852-DA25-4E32-9813-DAB2940D0D2E}.Debug|x86.Build.0 = Debug|Win32
		{14C1F852-DA25-4E32-9813-DAB2940D0D2E}.Release|x64.ActiveCfg = Release|x64
		{14C1F852-DA25-4E32-9813-DAB2940D0D2E}.Release|x64.Build.0 = Release|x64
		{14C1F852-DA25-4E32-9813-DAB2940D0D2E}.Release|x86.ActiveCfg = Release|Win32
		{14C1F852-DA25-4E32-9813-DAB2940D0D2E}.Release|x86.Build.0 = Release|Win32
		{FC868FB7-5572-47FB-B673-15F2FBB4669C}.Debug|x64.ActiveCfg = Debug|x64
		{FC868FB7-5572-47FB-B673-15F2FBB4669C}.Debug|x64.Build.0 = Debug|x64
		{FC868FB7-5572-47FB-B673-15F2FBB4669C}.Debug|x86.ActiveCfg = Debug|Win32
		{FC868FB7-5572-47FB-B673-15F2FBB4669C}.Debug|x86.Build.0 = Debug|Win32
		{FC868FB7-5572-47FB-B673-15F2FBB4669C}.Release|x64.ActiveCfg = Release|x64
		{FC868FB7-5572-47FB-B673-15F2FBB4669C}.Release|x64.Build.0 = Release|x64
		{FC868FB7-5572-47FB-B673-15F2FBB4669C}.Release|x86.ActiveCfg = Release|Win32
		{FC868FB7-5572-47FB-B673-15F2FBB4669C}.Release|x86.Build.0 = Release|Win32
		{CED74581-2646-49DB-96ED-1ACC6F0A4CED}.Debug|x64.ActiveCfg = Debug|x64
		{CED74581-2646-49DB-96ED-1ACC6F0A4CED}.Debug|x64.Build.0 = Debug|x64
		{CED74581-2646-49DB-96ED-1ACC6F0A4CED}.Debug|x86.ActiveCfg = Debug|Win32
		{CED74581-2646-49DB-96ED-1ACC6F0A4CED}.Debug|x86.Build.0 = Debug|Win32
		{CED74581-2646-49DB-96ED-1ACC6F0A4CED}.Release|x64.ActiveCfg = Release|x64
		{CED74581-2646-49DB-96ED-1ACC6F0A4CED}.Release|x64.Build.0 = Release|x64
		{CED74581-2646-49DB-96ED-1ACC6F0A4CED}.Release|x86.ActiveCfg = Release|Win32
		{CED74581-2646-49DB-96ED-1ACC6F0A4CED}.Release|x86.Build.0 = Release|Win32
		{3CD7BD6B-4425-4947-B065-7A185682FCA2}.Debug|x64.ActiveCfg = Debug|x64
		{3CD7BD6B-4425-4947-B065-7A185682FCA2}.Debug|x64.Build.0 = Debug|x64
		{3CD7BD6B-4425-4947-B065-7A185682FCA2}.Debug|x86.ActiveCfg = Debug|Win32
		{3CD7BD6B-4425-4947-B065-7A185682FCA2}.Debug|x86.Build.0 = Debug|Win32
		{3CD7BD6B-4425-4947-B065-7A185682FCA2}.Release|x64.ActiveCfg = Release|x64
		{3CD7BD6B-4425-4947-B065-7A185682FCA2}.Release|x64.Build.0 = Release|x64
		{3CD7BD6B-4425-4947-B065-7A185682FCA2}.Release|x86.ActiveCfg = Release|Win32
		{3CD7BD6B-4425-4947-B065-7A185682FCA2}.Release|x86.Build.0 = Release|Win32
		{A64F1776-400E-48DC-91B7-6EA31255C242}.Debug|x64.ActiveCfg = Debug|x64
		{A64F1776-400E-48DC-91B7-6EA31255C242}.Debug|x64.Build.0 = Debug|x64
		{A64F1776-400E-48DC-91B7-6EA31255C242}.Debug|x86.ActiveCfg = Debug|Win32
		{A64F1776-400E-48DC-91B7-6EA31255C242}.Debug|x86.Build.0 = Debug|Win32
		{A64F1776-400E-48DC-91B7-6EA31255C242}.Release|x64.ActiveCfg = Release|x64
		{A64F1776-400E-48DC-91B7-6EA31255C242}.Release|x64.Build.0 = Release|x64
		{A64F1776-400E-48DC-91B7-6EA31255C242}.Release|x86.ActiveCfg = Release|Win32
		{A64F1776-400E-48DC-91B7-6EA31255C242}.Release|x86.Build.0 = Release|Win32
		{E79E9649-EC4C-4196-B866-8CB2E68E9920}.Debug|x64.ActiveCfg = Debug|x64
		{E79E9649-EC4C-4196-B866-8CB2E68E9920}.Debug|x64.Build.0 = Debug|x64
		{E79E9649-EC4C-4196-B866-8CB2E68E9920}.Debug|x86.ActiveCfg = Debug|Win32
		{E79E9649-EC4C-4196-B866-8CB2E68E9920}.Debug|x86.Build.0 = Debug|Win32
		{E79E9649-EC4C-4196-B866-8CB2E68E9920}.Release|x64.ActiveCfg = Release|x64
		{E79E9649-EC4C-4196-B866-8CB2E68E9920}.Release|x64.Build.0 = Release|x64
		{E79E9649-EC4C-4196-B866-8CB2E68E9920}.Release|x86.ActiveCfg = Release|Win32
		{E79E9649-EC4C-4196-B866-8CB2E68E9920}.Release|x86.Build.0 = Release|Win32
		{D9107104-59F9-45DD-8A54-76FFA26837C4}.Debug|x64.ActiveCfg = Debug|x64
		{D9107104-59F9-45DD-8A54-76FFA26837C4}.Debug|x64.Build.0 = Debug|x64
		{D9107104-59F9-45DD-8A54-76FFA26837C4}.Debug|x86.ActiveCfg = Debug|Win32
		{D9107104-59F9-45DD-8A54-76FFA26837C4}.Debug|x86.Build.0 = Debug|Win32
		{D9107104-59F9-45DD-8A54-76FFA26837C4}.Release|x64.ActiveCfg = Release|x64
		{D9107104-59F9-45DD-8A54-76FFA26837C4}.Release|x64.Build.0 = Release|x64
		{D9107104-59F9-45DD-8A54-76FFA26837C4}.Release|x86.ActiveCfg = Release|Win32
		{D9107104-59F9-45DD-8A54-76FFA26837C4}.Release|x86.Build.0 = Release|Win32
	EndGlobalSection
	GlobalSection(SolutionProperties) = preSolution
		HideSolutionNode = FALSE
	EndGlobalSection
	GlobalSection(ExtensibilityGlobals) = postSolution
		SolutionGuid = {701122EF-5FC8-4E9F-8BAE-A1A1571978AF}
	EndGlobalSection
EndGlobal
